// !$*UTF8*$!
{
	archiveVersion = 1;
	classes = {
	};
	objectVersion = 46;
	objects = {

/* Begin PBXBuildFile section */
		344730A01D258E930063E017 /* main.m in Sources */ = {isa = PBXBuildFile; fileRef = 3447309F1D258E930063E017 /* main.m */; };
		344730A31D258E930063E017 /* TestAppDelegate.m in Sources */ = {isa = PBXBuildFile; fileRef = 344730A21D258E930063E017 /* TestAppDelegate.m */; };
		344730AB1D258E930063E017 /* Assets.xcassets in Resources */ = {isa = PBXBuildFile; fileRef = 344730AA1D258E930063E017 /* Assets.xcassets */; };
		34CED5AF1D269335003C5DF7 /* SdkTestDebugViewController.xib in Resources */ = {isa = PBXBuildFile; fileRef = 34CED5AE1D269335003C5DF7 /* SdkTestDebugViewController.xib */; };
		34CED5B21D26936A003C5DF7 /* SdkTestDebugViewController.m in Sources */ = {isa = PBXBuildFile; fileRef = 34CED5B11D26936A003C5DF7 /* SdkTestDebugViewController.m */; };
		90C246EAA118B148D1CD67FC /* libPods-azurway-sdk-test.a in Frameworks */ = {isa = PBXBuildFile; fileRef = C9EF19ECAFCA2C4CEA250BD5 /* libPods-azurway-sdk-test.a */; };
/* End PBXBuildFile section */

/* Begin PBXFileReference section */
		3447309B1D258E930063E017 /* azurway-sdk-test.app */ = {isa = PBXFileReference; explicitFileType = wrapper.application; includeInIndex = 0; path = "azurway-sdk-test.app"; sourceTree = BUILT_PRODUCTS_DIR; };
		3447309F1D258E930063E017 /* main.m */ = {isa = PBXFileReference; lastKnownFileType = sourcecode.c.objc; path = main.m; sourceTree = "<group>"; };
		344730A11D258E930063E017 /* TestAppDelegate.h */ = {isa = PBXFileReference; lastKnownFileType = sourcecode.c.h; path = TestAppDelegate.h; sourceTree = "<group>"; };
		344730A21D258E930063E017 /* TestAppDelegate.m */ = {isa = PBXFileReference; lastKnownFileType = sourcecode.c.objc; path = TestAppDelegate.m; sourceTree = "<group>"; };
		344730AA1D258E930063E017 /* Assets.xcassets */ = {isa = PBXFileReference; lastKnownFileType = folder.assetcatalog; path = Assets.xcassets; sourceTree = "<group>"; };
		344730AF1D258E930063E017 /* Info.plist */ = {isa = PBXFileReference; lastKnownFileType = text.plist.xml; path = Info.plist; sourceTree = "<group>"; };
		34CED5AE1D269335003C5DF7 /* SdkTestDebugViewController.xib */ = {isa = PBXFileReference; fileEncoding = 4; lastKnownFileType = file.xib; path = SdkTestDebugViewController.xib; sourceTree = "<group>"; };
		34CED5B01D26936A003C5DF7 /* SdkTestDebugViewController.h */ = {isa = PBXFileReference; fileEncoding = 4; lastKnownFileType = sourcecode.c.h; path = SdkTestDebugViewController.h; sourceTree = "<group>"; };
		34CED5B11D26936A003C5DF7 /* SdkTestDebugViewController.m */ = {isa = PBXFileReference; fileEncoding = 4; lastKnownFileType = sourcecode.c.objc; path = SdkTestDebugViewController.m; sourceTree = "<group>"; };
		7FAEF9CEAFDAEA9DA7E04CC5 /* Pods-azurway-sdk-test.release.xcconfig */ = {isa = PBXFileReference; includeInIndex = 1; lastKnownFileType = text.xcconfig; name = "Pods-azurway-sdk-test.release.xcconfig"; path = "Pods/Target Support Files/Pods-azurway-sdk-test/Pods-azurway-sdk-test.release.xcconfig"; sourceTree = "<group>"; };
		C9EF19ECAFCA2C4CEA250BD5 /* libPods-azurway-sdk-test.a */ = {isa = PBXFileReference; explicitFileType = archive.ar; includeInIndex = 0; path = "libPods-azurway-sdk-test.a"; sourceTree = BUILT_PRODUCTS_DIR; };
		F33397F58A8083BE94A0219E /* Pods-azurway-sdk-test.debug.xcconfig */ = {isa = PBXFileReference; includeInIndex = 1; lastKnownFileType = text.xcconfig; name = "Pods-azurway-sdk-test.debug.xcconfig"; path = "Pods/Target Support Files/Pods-azurway-sdk-test/Pods-azurway-sdk-test.debug.xcconfig"; sourceTree = "<group>"; };
/* End PBXFileReference section */

/* Begin PBXFrameworksBuildPhase section */
		344730981D258E930063E017 /* Frameworks */ = {
			isa = PBXFrameworksBuildPhase;
			buildActionMask = 2147483647;
			files = (
				90C246EAA118B148D1CD67FC /* libPods-azurway-sdk-test.a in Frameworks */,
			);
			runOnlyForDeploymentPostprocessing = 0;
		};
/* End PBXFrameworksBuildPhase section */

/* Begin PBXGroup section */
		344730921D258E930063E017 = {
			isa = PBXGroup;
			children = (
				3447309D1D258E930063E017 /* azurway-sdk-test */,
				3447309C1D258E930063E017 /* Products */,
				4663E7975EEF58D493B53678 /* Pods */,
				4D71C07255CA0FC9DB075933 /* Frameworks */,
			);
			sourceTree = "<group>";
		};
		3447309C1D258E930063E017 /* Products */ = {
			isa = PBXGroup;
			children = (
				3447309B1D258E930063E017 /* azurway-sdk-test.app */,
			);
			name = Products;
			sourceTree = "<group>";
		};
		3447309D1D258E930063E017 /* azurway-sdk-test */ = {
			isa = PBXGroup;
			children = (
				34CED5B01D26936A003C5DF7 /* SdkTestDebugViewController.h */,
				34CED5B11D26936A003C5DF7 /* SdkTestDebugViewController.m */,
				34CED5AE1D269335003C5DF7 /* SdkTestDebugViewController.xib */,
				344730A11D258E930063E017 /* TestAppDelegate.h */,
				344730A21D258E930063E017 /* TestAppDelegate.m */,
				344730AA1D258E930063E017 /* Assets.xcassets */,
				344730AF1D258E930063E017 /* Info.plist */,
				3447309E1D258E930063E017 /* Supporting Files */,
			);
			path = "azurway-sdk-test";
			sourceTree = "<group>";
		};
		3447309E1D258E930063E017 /* Supporting Files */ = {
			isa = PBXGroup;
			children = (
				3447309F1D258E930063E017 /* main.m */,
			);
			name = "Supporting Files";
			sourceTree = "<group>";
		};
		4663E7975EEF58D493B53678 /* Pods */ = {
			isa = PBXGroup;
			children = (
				F33397F58A8083BE94A0219E /* Pods-azurway-sdk-test.debug.xcconfig */,
				7FAEF9CEAFDAEA9DA7E04CC5 /* Pods-azurway-sdk-test.release.xcconfig */,
			);
			name = Pods;
			sourceTree = "<group>";
		};
		4D71C07255CA0FC9DB075933 /* Frameworks */ = {
			isa = PBXGroup;
			children = (
				C9EF19ECAFCA2C4CEA250BD5 /* libPods-azurway-sdk-test.a */,
			);
			name = Frameworks;
			sourceTree = "<group>";
		};
/* End PBXGroup section */

/* Begin PBXNativeTarget section */
		3447309A1D258E930063E017 /* azurway-sdk-test */ = {
			isa = PBXNativeTarget;
			buildConfigurationList = 344730B21D258E930063E017 /* Build configuration list for PBXNativeTarget "azurway-sdk-test" */;
			buildPhases = (
				8222151E66ACE35272F2D0B0 /* [CP] Check Pods Manifest.lock */,
				344730971D258E930063E017 /* Sources */,
				344730981D258E930063E017 /* Frameworks */,
				344730991D258E930063E017 /* Resources */,
				142D6A189E5DCF17E34C88BC /* [CP] Embed Pods Frameworks */,
				5AB4667263E5A3C3A3984A52 /* [CP] Copy Pods Resources */,
			);
			buildRules = (
			);
			dependencies = (
			);
			name = "azurway-sdk-test";
			productName = "azurway-sdk-test";
			productReference = 3447309B1D258E930063E017 /* azurway-sdk-test.app */;
			productType = "com.apple.product-type.application";
		};
/* End PBXNativeTarget section */

/* Begin PBXProject section */
		344730931D258E930063E017 /* Project object */ = {
			isa = PBXProject;
			attributes = {
				LastUpgradeCheck = 0730;
				ORGANIZATIONNAME = "Timothée Bilodeau";
				TargetAttributes = {
					3447309A1D258E930063E017 = {
						CreatedOnToolsVersion = 7.3.1;
					};
				};
			};
			buildConfigurationList = 344730961D258E930063E017 /* Build configuration list for PBXProject "azurway-sdk-test" */;
			compatibilityVersion = "Xcode 3.2";
			developmentRegion = English;
			hasScannedForEncodings = 0;
			knownRegions = (
				en,
				Base,
			);
			mainGroup = 344730921D258E930063E017;
			productRefGroup = 3447309C1D258E930063E017 /* Products */;
			projectDirPath = "";
			projectRoot = "";
			targets = (
				3447309A1D258E930063E017 /* azurway-sdk-test */,
			);
		};
/* End PBXProject section */

/* Begin PBXResourcesBuildPhase section */
		344730991D258E930063E017 /* Resources */ = {
			isa = PBXResourcesBuildPhase;
			buildActionMask = 2147483647;
			files = (
				344730AB1D258E930063E017 /* Assets.xcassets in Resources */,
				34CED5AF1D269335003C5DF7 /* SdkTestDebugViewController.xib in Resources */,
			);
			runOnlyForDeploymentPostprocessing = 0;
		};
/* End PBXResourcesBuildPhase section */

/* Begin PBXShellScriptBuildPhase section */
		142D6A189E5DCF17E34C88BC /* [CP] Embed Pods Frameworks */ = {
			isa = PBXShellScriptBuildPhase;
			buildActionMask = 2147483647;
			files = (
			);
			inputPaths = (
			);
			name = "[CP] Embed Pods Frameworks";
			outputPaths = (
			);
			runOnlyForDeploymentPostprocessing = 0;
			shellPath = /bin/sh;
			shellScript = "\"${SRCROOT}/Pods/Target Support Files/Pods-azurway-sdk-test/Pods-azurway-sdk-test-frameworks.sh\"\n";
			showEnvVarsInLog = 0;
		};
		5AB4667263E5A3C3A3984A52 /* [CP] Copy Pods Resources */ = {
			isa = PBXShellScriptBuildPhase;
			buildActionMask = 2147483647;
			files = (
			);
			inputPaths = (
			);
			name = "[CP] Copy Pods Resources";
			outputPaths = (
			);
			runOnlyForDeploymentPostprocessing = 0;
			shellPath = /bin/sh;
			shellScript = "\"${SRCROOT}/Pods/Target Support Files/Pods-azurway-sdk-test/Pods-azurway-sdk-test-resources.sh\"\n";
			showEnvVarsInLog = 0;
		};
		8222151E66ACE35272F2D0B0 /* [CP] Check Pods Manifest.lock */ = {
			isa = PBXShellScriptBuildPhase;
			buildActionMask = 2147483647;
			files = (
			);
			inputPaths = (
			);
			name = "[CP] Check Pods Manifest.lock";
			outputPaths = (
			);
			runOnlyForDeploymentPostprocessing = 0;
			shellPath = /bin/sh;
			shellScript = "diff \"${PODS_ROOT}/../Podfile.lock\" \"${PODS_ROOT}/Manifest.lock\" > /dev/null\nif [[ $? != 0 ]] ; then\n    cat << EOM\nerror: The sandbox is not in sync with the Podfile.lock. Run 'pod install' or update your CocoaPods installation.\nEOM\n    exit 1\nfi\n";
			showEnvVarsInLog = 0;
		};
/* End PBXShellScriptBuildPhase section */

/* Begin PBXSourcesBuildPhase section */
		344730971D258E930063E017 /* Sources */ = {
			isa = PBXSourcesBuildPhase;
			buildActionMask = 2147483647;
			files = (
				34CED5B21D26936A003C5DF7 /* SdkTestDebugViewController.m in Sources */,
				344730A31D258E930063E017 /* TestAppDelegate.m in Sources */,
				344730A01D258E930063E017 /* main.m in Sources */,
			);
			runOnlyForDeploymentPostprocessing = 0;
		};
/* End PBXSourcesBuildPhase section */

/* Begin XCBuildConfiguration section */
		344730B01D258E930063E017 /* Debug */ = {
			isa = XCBuildConfiguration;
			buildSettings = {
				ALWAYS_SEARCH_USER_PATHS = NO;
				CLANG_ANALYZER_NONNULL = YES;
				CLANG_CXX_LANGUAGE_STANDARD = "gnu++0x";
				CLANG_CXX_LIBRARY = "libc++";
				CLANG_ENABLE_MODULES = YES;
				CLANG_ENABLE_OBJC_ARC = YES;
				CLANG_WARN_BOOL_CONVERSION = YES;
				CLANG_WARN_CONSTANT_CONVERSION = YES;
				CLANG_WARN_DIRECT_OBJC_ISA_USAGE = YES_ERROR;
				CLANG_WARN_EMPTY_BODY = YES;
				CLANG_WARN_ENUM_CONVERSION = YES;
				CLANG_WARN_INT_CONVERSION = YES;
				CLANG_WARN_OBJC_ROOT_CLASS = YES_ERROR;
				CLANG_WARN_UNREACHABLE_CODE = YES;
				CLANG_WARN__DUPLICATE_METHOD_MATCH = YES;
				"CODE_SIGN_IDENTITY[sdk=iphoneos*]" = "iPhone Developer";
				COPY_PHASE_STRIP = NO;
				DEBUG_INFORMATION_FORMAT = dwarf;
				ENABLE_STRICT_OBJC_MSGSEND = YES;
				ENABLE_TESTABILITY = YES;
				GCC_C_LANGUAGE_STANDARD = gnu99;
				GCC_DYNAMIC_NO_PIC = NO;
				GCC_NO_COMMON_BLOCKS = YES;
				GCC_OPTIMIZATION_LEVEL = 0;
				GCC_PREPROCESSOR_DEFINITIONS = (
					"DEBUG=1",
					"$(inherited)",
				);
				GCC_WARN_64_TO_32_BIT_CONVERSION = YES;
				GCC_WARN_ABOUT_RETURN_TYPE = YES_ERROR;
				GCC_WARN_UNDECLARED_SELECTOR = YES;
				GCC_WARN_UNINITIALIZED_AUTOS = YES_AGGRESSIVE;
				GCC_WARN_UNUSED_FUNCTION = YES;
				GCC_WARN_UNUSED_VARIABLE = YES;
				IPHONEOS_DEPLOYMENT_TARGET = 9.3;
				MTL_ENABLE_DEBUG_INFO = YES;
				ONLY_ACTIVE_ARCH = YES;
				SDKROOT = iphoneos;
				TARGETED_DEVICE_FAMILY = "1,2";
			};
			name = Debug;
		};
		344730B11D258E930063E017 /* Release */ = {
			isa = XCBuildConfiguration;
			buildSettings = {
				ALWAYS_SEARCH_USER_PATHS = NO;
				CLANG_ANALYZER_NONNULL = YES;
				CLANG_CXX_LANGUAGE_STANDARD = "gnu++0x";
				CLANG_CXX_LIBRARY = "libc++";
				CLANG_ENABLE_MODULES = YES;
				CLANG_ENABLE_OBJC_ARC = YES;
				CLANG_WARN_BOOL_CONVERSION = YES;
				CLANG_WARN_CONSTANT_CONVERSION = YES;
				CLANG_WARN_DIRECT_OBJC_ISA_USAGE = YES_ERROR;
				CLANG_WARN_EMPTY_BODY = YES;
				CLANG_WARN_ENUM_CONVERSION = YES;
				CLANG_WARN_INT_CONVERSION = YES;
				CLANG_WARN_OBJC_ROOT_CLASS = YES_ERROR;
				CLANG_WARN_UNREACHABLE_CODE = YES;
				CLANG_WARN__DUPLICATE_METHOD_MATCH = YES;
				"CODE_SIGN_IDENTITY[sdk=iphoneos*]" = "iPhone Developer";
				COPY_PHASE_STRIP = NO;
				DEBUG_INFORMATION_FORMAT = "dwarf-with-dsym";
				ENABLE_NS_ASSERTIONS = NO;
				ENABLE_STRICT_OBJC_MSGSEND = YES;
				GCC_C_LANGUAGE_STANDARD = gnu99;
				GCC_NO_COMMON_BLOCKS = YES;
				GCC_WARN_64_TO_32_BIT_CONVERSION = YES;
				GCC_WARN_ABOUT_RETURN_TYPE = YES_ERROR;
				GCC_WARN_UNDECLARED_SELECTOR = YES;
				GCC_WARN_UNINITIALIZED_AUTOS = YES_AGGRESSIVE;
				GCC_WARN_UNUSED_FUNCTION = YES;
				GCC_WARN_UNUSED_VARIABLE = YES;
				IPHONEOS_DEPLOYMENT_TARGET = 9.3;
				MTL_ENABLE_DEBUG_INFO = NO;
				SDKROOT = iphoneos;
				TARGETED_DEVICE_FAMILY = "1,2";
				VALIDATE_PRODUCT = YES;
			};
			name = Release;
		};
		344730B31D258E930063E017 /* Debug */ = {
			isa = XCBuildConfiguration;
			baseConfigurationReference = F33397F58A8083BE94A0219E /* Pods-azurway-sdk-test.debug.xcconfig */;
			buildSettings = {
				ASSETCATALOG_COMPILER_APPICON_NAME = AppIcon;
				INFOPLIST_FILE = "azurway-sdk-test/Info.plist";
				LD_RUNPATH_SEARCH_PATHS = "$(inherited) @executable_path/Frameworks";
				PRODUCT_BUNDLE_IDENTIFIER = "timbil.azurway-sdk-test";
				PRODUCT_NAME = "$(TARGET_NAME)";
				TARGETED_DEVICE_FAMILY = 2;
			};
			name = Debug;
		};
		344730B41D258E930063E017 /* Release */ = {
			isa = XCBuildConfiguration;
			baseConfigurationReference = 7FAEF9CEAFDAEA9DA7E04CC5 /* Pods-azurway-sdk-test.release.xcconfig */;
			buildSettings = {
				ASSETCATALOG_COMPILER_APPICON_NAME = AppIcon;
				INFOPLIST_FILE = "azurway-sdk-test/Info.plist";
				LD_RUNPATH_SEARCH_PATHS = "$(inherited) @executable_path/Frameworks";
				PRODUCT_BUNDLE_IDENTIFIER = "timbil.azurway-sdk-test";
				PRODUCT_NAME = "$(TARGET_NAME)";
				TARGETED_DEVICE_FAMILY = 2;
			};
			name = Release;
		};
/* End XCBuildConfiguration section */

/* Begin XCConfigurationList section */
		344730961D258E930063E017 /* Build configuration list for PBXProject "azurway-sdk-test" */ = {
			isa = XCConfigurationList;
			buildConfigurations = (
				344730B01D258E930063E017 /* Debug */,
				344730B11D258E930063E017 /* Release */,
			);
			defaultConfigurationIsVisible = 0;
			defaultConfigurationName = Release;
		};
		344730B21D258E930063E017 /* Build configuration list for PBXNativeTarget "azurway-sdk-test" */ = {
			isa = XCConfigurationList;
			buildConfigurations = (
				344730B31D258E930063E017 /* Debug */,
				344730B41D258E930063E017 /* Release */,
			);
			defaultConfigurationIsVisible = 0;
			defaultConfigurationName = Release;
		};
/* End XCConfigurationList section */
	};
	rootObject = 344730931D258E930063E017 /* Project object */;
}
